
Microsoft Visual Studio Solution File, Format Version 12.00
# Visual Studio Version 17
VisualStudioVersion = 17.4.33213.308
MinimumVisualStudioVersion = 10.0.40219.1
Project("{FAE04EC0-301F-11D3-BF4B-00C04F79EFBC}") = "Ejercicio sucesión Fibonachi", "Ejercicio sucesión Fibonachi\Ejercicio sucesión Fibonachi.csproj", "{1609603B-4562-4DFE-8687-7D9FB8CAC259}"
EndProject
Global
	GlobalSection(SolutionConfigurationPlatforms) = preSolution
		Debug|Any CPU = Debug|Any CPU
		Release|Any CPU = Release|Any CPU
	EndGlobalSection
	GlobalSection(ProjectConfigurationPlatforms) = postSolution
		{1609603B-4562-4DFE-8687-7D9FB8CAC259}.Debug|Any CPU.ActiveCfg = Debug|Any CPU
		{1609603B-4562-4DFE-8687-7D9FB8CAC259}.Debug|Any CPU.Build.0 = Debug|Any CPU
		{1609603B-4562-4DFE-8687-7D9FB8CAC259}.Release|Any CPU.ActiveCfg = Release|Any CPU
		{1609603B-4562-4DFE-8687-7D9FB8CAC259}.Release|Any CPU.Build.0 = Release|Any CPU
	EndGlobalSection
	GlobalSection(SolutionProperties) = preSolution
		HideSolutionNode = FALSE
	EndGlobalSection
	GlobalSection(ExtensibilityGlobals) = postSolution
		SolutionGuid = {698003AB-EBCE-4EA5-9366-A5642D1EAC05}
	EndGlobalSection
EndGlobal
